
Microsoft Visual Studio Solution File, Format Version 12.00
# Visual Studio Version 17
VisualStudioVersion = 17.6.33801.468
MinimumVisualStudioVersion = 10.0.40219.1
Project("{9A19103F-16F7-4668-BE54-9A1E7A4F7556}") = "GptEngineer.API", "src\GptEngineer.API\GptEngineer.API.csproj", "{32C0378C-B67B-4740-BAE6-9070D66E37CE}"
EndProject
Project("{9A19103F-16F7-4668-BE54-9A1E7A4F7556}") = "GptEngineer.Client", "src\GptEngineer.Client\GptEngineer.Client.csproj", "{BEB6C80C-61DD-4ABF-A785-B03AD489A65E}"
EndProject
Project("{9A19103F-16F7-4668-BE54-9A1E7A4F7556}") = "GptEngineer.Core", "src\GptEngineer.Core\GptEngineer.Core.csproj", "{5CEFDD57-EFA5-41B0-9656-E275A2DE5F27}"
EndProject
Project("{9A19103F-16F7-4668-BE54-9A1E7A4F7556}") = "GptEngineer.Infrastructure", "src\GptEngineer.Infrastructure\GptEngineer.Infrastructure.csproj", "{E7F1E86B-61F0-4EEB-8008-946F3C77B1A9}"
EndProject
Project("{2150E333-8FDC-42A3-9474-1A3956D46DE8}") = "src", "src", "{0438D178-093C-4C3E-84D7-4AF70CB596F7}"
EndProject
Project("{2150E333-8FDC-42A3-9474-1A3956D46DE8}") = "tests", "tests", "{3E48AA66-289D-41DC-B1E7-E919C45C1302}"
EndProject
Project("{9A19103F-16F7-4668-BE54-9A1E7A4F7556}") = "GptEngineer.Core.Tests", "tests\GptEngineer.Core.Tests\GptEngineer.Core.Tests.csproj", "{C3D90EB9-493F-4247-9116-8CD070D59C9D}"
EndProject
Project("{9A19103F-16F7-4668-BE54-9A1E7A4F7556}") = "GptEngineer.Data", "src\GptEngineer.Data\GptEngineer.Data.csproj", "{798C9DAA-9FE8-47E4-BC4F-693B48F0B28B}"
EndProject
Project("{FAE04EC0-301F-11D3-BF4B-00C04F79EFBC}") = "GptEngineer.Vector", "src\GptEngineer.Vector\GptEngineer.Vector.csproj", "{A4B14397-3002-449B-8C09-04375B667363}"
EndProject
Global
	GlobalSection(SolutionConfigurationPlatforms) = preSolution
		Debug|Any CPU = Debug|Any CPU
		Release|Any CPU = Release|Any CPU
	EndGlobalSection
	GlobalSection(ProjectConfigurationPlatforms) = postSolution
		{32C0378C-B67B-4740-BAE6-9070D66E37CE}.Debug|Any CPU.ActiveCfg = Debug|Any CPU
		{32C0378C-B67B-4740-BAE6-9070D66E37CE}.Debug|Any CPU.Build.0 = Debug|Any CPU
		{32C0378C-B67B-4740-BAE6-9070D66E37CE}.Release|Any CPU.ActiveCfg = Release|Any CPU
		{32C0378C-B67B-4740-BAE6-9070D66E37CE}.Release|Any CPU.Build.0 = Release|Any CPU
		{BEB6C80C-61DD-4ABF-A785-B03AD489A65E}.Debug|Any CPU.ActiveCfg = Debug|Any CPU
		{BEB6C80C-61DD-4ABF-A785-B03AD489A65E}.Debug|Any CPU.Build.0 = Debug|Any CPU
		{BEB6C80C-61DD-4ABF-A785-B03AD489A65E}.Release|Any CPU.ActiveCfg = Release|Any CPU
		{BEB6C80C-61DD-4ABF-A785-B03AD489A65E}.Release|Any CPU.Build.0 = Release|Any CPU
		{5CEFDD57-EFA5-41B0-9656-E275A2DE5F27}.Debug|Any CPU.ActiveCfg = Debug|Any CPU
		{5CEFDD57-EFA5-41B0-9656-E275A2DE5F27}.Debug|Any CPU.Build.0 = Debug|Any CPU
		{5CEFDD57-EFA5-41B0-9656-E275A2DE5F27}.Release|Any CPU.ActiveCfg = Release|Any CPU
		{5CEFDD57-EFA5-41B0-9656-E275A2DE5F27}.Release|Any CPU.Build.0 = Release|Any CPU
		{E7F1E86B-61F0-4EEB-8008-946F3C77B1A9}.Debug|Any CPU.ActiveCfg = Debug|Any CPU
		{E7F1E86B-61F0-4EEB-8008-946F3C77B1A9}.Debug|Any CPU.Build.0 = Debug|Any CPU
		{E7F1E86B-61F0-4EEB-8008-946F3C77B1A9}.Release|Any CPU.ActiveCfg = Release|Any CPU
		{E7F1E86B-61F0-4EEB-8008-946F3C77B1A9}.Release|Any CPU.Build.0 = Release|Any CPU
		{C3D90EB9-493F-4247-9116-8CD070D59C9D}.Debug|Any CPU.ActiveCfg = Debug|Any CPU
		{C3D90EB9-493F-4247-9116-8CD070D59C9D}.Debug|Any CPU.Build.0 = Debug|Any CPU
		{C3D90EB9-493F-4247-9116-8CD070D59C9D}.Release|Any CPU.ActiveCfg = Release|Any CPU
		{C3D90EB9-493F-4247-9116-8CD070D59C9D}.Release|Any CPU.Build.0 = Release|Any CPU
		{798C9DAA-9FE8-47E4-BC4F-693B48F0B28B}.Debug|Any CPU.ActiveCfg = Debug|Any CPU
		{798C9DAA-9FE8-47E4-BC4F-693B48F0B28B}.Debug|Any CPU.Build.0 = Debug|Any CPU
		{798C9DAA-9FE8-47E4-BC4F-693B48F0B28B}.Release|Any CPU.ActiveCfg = Release|Any CPU
		{798C9DAA-9FE8-47E4-BC4F-693B48F0B28B}.Release|Any CPU.Build.0 = Release|Any CPU
		{A4B14397-3002-449B-8C09-04375B667363}.Debug|Any CPU.ActiveCfg = Debug|Any CPU
		{A4B14397-3002-449B-8C09-04375B667363}.Debug|Any CPU.Build.0 = Debug|Any CPU
		{A4B14397-3002-449B-8C09-04375B667363}.Release|Any CPU.ActiveCfg = Release|Any CPU
		{A4B14397-3002-449B-8C09-04375B667363}.Release|Any CPU.Build.0 = Release|Any CPU
	EndGlobalSection
	GlobalSection(SolutionProperties) = preSolution
		HideSolutionNode = FALSE
	EndGlobalSection
	GlobalSection(NestedProjects) = preSolution
		{32C0378C-B67B-4740-BAE6-9070D66E37CE} = {0438D178-093C-4C3E-84D7-4AF70CB596F7}
		{BEB6C80C-61DD-4ABF-A785-B03AD489A65E} = {0438D178-093C-4C3E-84D7-4AF70CB596F7}
		{5CEFDD57-EFA5-41B0-9656-E275A2DE5F27} = {0438D178-093C-4C3E-84D7-4AF70CB596F7}
		{E7F1E86B-61F0-4EEB-8008-946F3C77B1A9} = {0438D178-093C-4C3E-84D7-4AF70CB596F7}
		{C3D90EB9-493F-4247-9116-8CD070D59C9D} = {3E48AA66-289D-41DC-B1E7-E919C45C1302}
		{798C9DAA-9FE8-47E4-BC4F-693B48F0B28B} = {0438D178-093C-4C3E-84D7-4AF70CB596F7}
		{A4B14397-3002-449B-8C09-04375B667363} = {0438D178-093C-4C3E-84D7-4AF70CB596F7}
	EndGlobalSection
	GlobalSection(ExtensibilityGlobals) = postSolution
		SolutionGuid = {5DBCE7A7-4BEB-430D-85A8-C01F59CEB792}
	EndGlobalSection
EndGlobal
