
Microsoft Visual Studio Solution File, Format Version 12.00
# Visual Studio Version 17
VisualStudioVersion = 17.6.33801.468
MinimumVisualStudioVersion = 10.0.40219.1
Project("{9A19103F-16F7-4668-BE54-9A1E7A4F7556}") = "GptEngineer.API", "src\GptEngineer.API\GptEngineer.API.csproj", "{32C0378C-B67B-4740-BAE6-9070D66E37CE}"
EndProject
Project("{9A19103F-16F7-4668-BE54-9A1E7A4F7556}") = "GptEngineer.Client", "src\GptEngineer.Client\GptEngineer.Client.csproj", "{BEB6C80C-61DD-4ABF-A785-B03AD489A65E}"
EndProject
Project("{9A19103F-16F7-4668-BE54-9A1E7A4F7556}") = "GptEngineer.Core", "src\GptEngineer.Core\GptEngineer.Core.csproj", "{5CEFDD57-EFA5-41B0-9656-E275A2DE5F27}"
EndProject
Project("{9A19103F-16F7-4668-BE54-9A1E7A4F7556}") = "GptEngineer.Infrastructure", "src\GptEngineer.Infrastructure\GptEngineer.Infrastructure.csproj", "{E7F1E86B-61F0-4EEB-8008-946F3C77B1A9}"
EndProject
Global
	GlobalSection(SolutionConfigurationPlatforms) = preSolution
		Debug|Any CPU = Debug|Any CPU
		Release|Any CPU = Release|Any CPU
	EndGlobalSection
	GlobalSection(ProjectConfigurationPlatforms) = postSolution
		{32C0378C-B67B-4740-BAE6-9070D66E37CE}.Debug|Any CPU.ActiveCfg = Debug|Any CPU
		{32C0378C-B67B-4740-BAE6-9070D66E37CE}.Debug|Any CPU.Build.0 = Debug|Any CPU
		{32C0378C-B67B-4740-BAE6-9070D66E37CE}.Release|Any CPU.ActiveCfg = Release|Any CPU
		{32C0378C-B67B-4740-BAE6-9070D66E37CE}.Release|Any CPU.Build.0 = Release|Any CPU
		{BEB6C80C-61DD-4ABF-A785-B03AD489A65E}.Debug|Any CPU.ActiveCfg = Debug|Any CPU
		{BEB6C80C-61DD-4ABF-A785-B03AD489A65E}.Debug|Any CPU.Build.0 = Debug|Any CPU
		{BEB6C80C-61DD-4ABF-A785-B03AD489A65E}.Release|Any CPU.ActiveCfg = Release|Any CPU
		{BEB6C80C-61DD-4ABF-A785-B03AD489A65E}.Release|Any CPU.Build.0 = Release|Any CPU
		{5CEFDD57-EFA5-41B0-9656-E275A2DE5F27}.Debug|Any CPU.ActiveCfg = Debug|Any CPU
		{5CEFDD57-EFA5-41B0-9656-E275A2DE5F27}.Debug|Any CPU.Build.0 = Debug|Any CPU
		{5CEFDD57-EFA5-41B0-9656-E275A2DE5F27}.Release|Any CPU.ActiveCfg = Release|Any CPU
		{5CEFDD57-EFA5-41B0-9656-E275A2DE5F27}.Release|Any CPU.Build.0 = Release|Any CPU
		{E7F1E86B-61F0-4EEB-8008-946F3C77B1A9}.Debug|Any CPU.ActiveCfg = Debug|Any CPU
		{E7F1E86B-61F0-4EEB-8008-946F3C77B1A9}.Debug|Any CPU.Build.0 = Debug|Any CPU
		{E7F1E86B-61F0-4EEB-8008-946F3C77B1A9}.Release|Any CPU.ActiveCfg = Release|Any CPU
		{E7F1E86B-61F0-4EEB-8008-946F3C77B1A9}.Release|Any CPU.Build.0 = Release|Any CPU
	EndGlobalSection
	GlobalSection(SolutionProperties) = preSolution
		HideSolutionNode = FALSE
	EndGlobalSection
	GlobalSection(ExtensibilityGlobals) = postSolution
		SolutionGuid = {5DBCE7A7-4BEB-430D-85A8-C01F59CEB792}
	EndGlobalSection
EndGlobal
