
Microsoft Visual Studio Solution File, Format Version 12.00
# Visual Studio Version 17
VisualStudioVersion = 17.6.33801.468
MinimumVisualStudioVersion = 10.0.40219.1
Project("{FAE04EC0-301F-11D3-BF4B-00C04F79EFBC}") = "GptEngineer", "GptEngineer\GptEngineer.csproj", "{09DA38E6-0D8D-4006-8F0A-38E25FC8DABA}"
EndProject
Global
	GlobalSection(SolutionConfigurationPlatforms) = preSolution
		Debug|Any CPU = Debug|Any CPU
		Release|Any CPU = Release|Any CPU
	EndGlobalSection
	GlobalSection(ProjectConfigurationPlatforms) = postSolution
		{09DA38E6-0D8D-4006-8F0A-38E25FC8DABA}.Debug|Any CPU.ActiveCfg = Debug|Any CPU
		{09DA38E6-0D8D-4006-8F0A-38E25FC8DABA}.Debug|Any CPU.Build.0 = Debug|Any CPU
		{09DA38E6-0D8D-4006-8F0A-38E25FC8DABA}.Release|Any CPU.ActiveCfg = Release|Any CPU
		{09DA38E6-0D8D-4006-8F0A-38E25FC8DABA}.Release|Any CPU.Build.0 = Release|Any CPU
	EndGlobalSection
	GlobalSection(SolutionProperties) = preSolution
		HideSolutionNode = FALSE
	EndGlobalSection
	GlobalSection(ExtensibilityGlobals) = postSolution
		SolutionGuid = {5DBCE7A7-4BEB-430D-85A8-C01F59CEB792}
	EndGlobalSection
EndGlobal
